
Microsoft Visual Studio Solution File, Format Version 12.00
# Visual Studio Version 16
VisualStudioVersion = 16.0.30114.105
MinimumVisualStudioVersion = 10.0.40219.1
Project("{8BC9CEB8-8B4A-11D0-8D11-00A0C91BC942}") = "Practice_06_02_CopyConstructor", "Practice_06_02_CopyConstructor\Practice_06_02_CopyConstructor.vcxproj", "{24076A0C-38CB-457C-A759-977C02F22704}"
EndProject
Project("{8BC9CEB8-8B4A-11D0-8D11-00A0C91BC942}") = "Practice06_03_CopyConstructor", "Practice06_03_CopyConstructor\Practice06_03_CopyConstructor.vcxproj", "{7645FF6D-9584-4168-8B81-89D4CDCAD3CC}"
EndProject
Project("{8BC9CEB8-8B4A-11D0-8D11-00A0C91BC942}") = "Practice06_04_Operator", "Practice06_04_Operator\Practice06_04_Operator.vcxproj", "{FC6C2E36-2774-4C4D-8038-697DD2CE03B2}"
EndProject
Project("{8BC9CEB8-8B4A-11D0-8D11-00A0C91BC942}") = "Practice06_05_Operator_Equal", "Practice06_05_Operator_Equal\Practice06_05_Operator_Equal.vcxproj", "{FD1273B1-BB61-4285-8B56-E7A51CCABBF6}"
EndProject
Global
	GlobalSection(SolutionConfigurationPlatforms) = preSolution
		Debug|x64 = Debug|x64
		Debug|x86 = Debug|x86
		Release|x64 = Release|x64
		Release|x86 = Release|x86
	EndGlobalSection
	GlobalSection(ProjectConfigurationPlatforms) = postSolution
		{24076A0C-38CB-457C-A759-977C02F22704}.Debug|x64.ActiveCfg = Debug|x64
		{24076A0C-38CB-457C-A759-977C02F22704}.Debug|x64.Build.0 = Debug|x64
		{24076A0C-38CB-457C-A759-977C02F22704}.Debug|x86.ActiveCfg = Debug|Win32
		{24076A0C-38CB-457C-A759-977C02F22704}.Debug|x86.Build.0 = Debug|Win32
		{24076A0C-38CB-457C-A759-977C02F22704}.Release|x64.ActiveCfg = Release|x64
		{24076A0C-38CB-457C-A759-977C02F22704}.Release|x64.Build.0 = Release|x64
		{24076A0C-38CB-457C-A759-977C02F22704}.Release|x86.ActiveCfg = Release|Win32
		{24076A0C-38CB-457C-A759-977C02F22704}.Release|x86.Build.0 = Release|Win32
		{7645FF6D-9584-4168-8B81-89D4CDCAD3CC}.Debug|x64.ActiveCfg = Debug|x64
		{7645FF6D-9584-4168-8B81-89D4CDCAD3CC}.Debug|x64.Build.0 = Debug|x64
		{7645FF6D-9584-4168-8B81-89D4CDCAD3CC}.Debug|x86.ActiveCfg = Debug|Win32
		{7645FF6D-9584-4168-8B81-89D4CDCAD3CC}.Debug|x86.Build.0 = Debug|Win32
		{7645FF6D-9584-4168-8B81-89D4CDCAD3CC}.Release|x64.ActiveCfg = Release|x64
		{7645FF6D-9584-4168-8B81-89D4CDCAD3CC}.Release|x64.Build.0 = Release|x64
		{7645FF6D-9584-4168-8B81-89D4CDCAD3CC}.Release|x86.ActiveCfg = Release|Win32
		{7645FF6D-9584-4168-8B81-89D4CDCAD3CC}.Release|x86.Build.0 = Release|Win32
		{FC6C2E36-2774-4C4D-8038-697DD2CE03B2}.Debug|x64.ActiveCfg = Debug|x64
		{FC6C2E36-2774-4C4D-8038-697DD2CE03B2}.Debug|x64.Build.0 = Debug|x64
		{FC6C2E36-2774-4C4D-8038-697DD2CE03B2}.Debug|x86.ActiveCfg = Debug|Win32
		{FC6C2E36-2774-4C4D-8038-697DD2CE03B2}.Debug|x86.Build.0 = Debug|Win32
		{FC6C2E36-2774-4C4D-8038-697DD2CE03B2}.Release|x64.ActiveCfg = Release|x64
		{FC6C2E36-2774-4C4D-8038-697DD2CE03B2}.Release|x64.Build.0 = Release|x64
		{FC6C2E36-2774-4C4D-8038-697DD2CE03B2}.Release|x86.ActiveCfg = Release|Win32
		{FC6C2E36-2774-4C4D-8038-697DD2CE03B2}.Release|x86.Build.0 = Release|Win32
		{FD1273B1-BB61-4285-8B56-E7A51CCABBF6}.Debug|x64.ActiveCfg = Debug|x64
		{FD1273B1-BB61-4285-8B56-E7A51CCABBF6}.Debug|x64.Build.0 = Debug|x64
		{FD1273B1-BB61-4285-8B56-E7A51CCABBF6}.Debug|x86.ActiveCfg = Debug|Win32
		{FD1273B1-BB61-4285-8B56-E7A51CCABBF6}.Debug|x86.Build.0 = Debug|Win32
		{FD1273B1-BB61-4285-8B56-E7A51CCABBF6}.Release|x64.ActiveCfg = Release|x64
		{FD1273B1-BB61-4285-8B56-E7A51CCABBF6}.Release|x64.Build.0 = Release|x64
		{FD1273B1-BB61-4285-8B56-E7A51CCABBF6}.Release|x86.ActiveCfg = Release|Win32
		{FD1273B1-BB61-4285-8B56-E7A51CCABBF6}.Release|x86.Build.0 = Release|Win32
	EndGlobalSection
	GlobalSection(SolutionProperties) = preSolution
		HideSolutionNode = FALSE
	EndGlobalSection
	GlobalSection(ExtensibilityGlobals) = postSolution
		SolutionGuid = {97CA6876-7F20-4A85-986B-1AF522A79B2B}
	EndGlobalSection
EndGlobal
